{
  "name": "ai-prompt-manager-example-project",
  "version": "1.0.0",
  "lockfileVersion": 2,
  "requires": true,
  "packages": {
    "": {
      "name": "ai-prompt-manager-example-project",
      "version": "1.0.0",
      "license": "ISC",
      "dependencies": {
        "ai-prompt-manager": "^1.0.0"
      }
    },
    "../prompt-manager": {
      "name": "ai-prompt-organizer",
      "version": "0.1.1",
      "extraneous": true,
      "license": "ISC",
      "dependencies": {
        "liquidjs": "^10.9.2"
      }
    },
    "node_modules/ai-prompt-manager": {
      "version": "1.0.0",
      "resolved": "https://registry.npmjs.org/ai-prompt-manager/-/ai-prompt-manager-1.0.0.tgz",
      "integrity": "sha512-T6CH10Wi5G0esardFNIY8/zjBqgqTZjPUz0/if55eoN5fgcy3GuijTAa2ZCcBZr4hpmRYo5O0KfUICEa3FcjbQ==",
      "deprecated": "@<= latest-version"
    }
  },
  "dependencies": {
    "ai-prompt-manager": {
      "version": "1.0.0",
      "resolved": "https://registry.npmjs.org/ai-prompt-manager/-/ai-prompt-manager-1.0.0.tgz",
      "integrity": "sha512-T6CH10Wi5G0esardFNIY8/zjBqgqTZjPUz0/if55eoN5fgcy3GuijTAa2ZCcBZr4hpmRYo5O0KfUICEa3FcjbQ=="
    }
  }
}
